
Microsoft Visual Studio Solution File, Format Version 12.00
# Visual Studio Version 17
VisualStudioVersion = 17.3.32901.215
MinimumVisualStudioVersion = 10.0.40219.1
Project("{FAE04EC0-301F-11D3-BF4B-00C04F79EFBC}") = "Time and Sound - Hunter", "Time and Sound - Hunter.csproj", "{457D83C6-BBA2-44E7-9DDC-2B902BCE665D}"
EndProject
Global
	GlobalSection(SolutionConfigurationPlatforms) = preSolution
		Debug|Any CPU = Debug|Any CPU
		Release|Any CPU = Release|Any CPU
	EndGlobalSection
	GlobalSection(ProjectConfigurationPlatforms) = postSolution
		{457D83C6-BBA2-44E7-9DDC-2B902BCE665D}.Debug|Any CPU.ActiveCfg = Debug|Any CPU
		{457D83C6-BBA2-44E7-9DDC-2B902BCE665D}.Debug|Any CPU.Build.0 = Debug|Any CPU
		{457D83C6-BBA2-44E7-9DDC-2B902BCE665D}.Release|Any CPU.ActiveCfg = Release|Any CPU
		{457D83C6-BBA2-44E7-9DDC-2B902BCE665D}.Release|Any CPU.Build.0 = Release|Any CPU
	EndGlobalSection
	GlobalSection(SolutionProperties) = preSolution
		HideSolutionNode = FALSE
	EndGlobalSection
	GlobalSection(ExtensibilityGlobals) = postSolution
		SolutionGuid = {F71606D5-5EA3-430A-9DD3-4C00FC4E538D}
	EndGlobalSection
EndGlobal
